// !$*UTF8*$!
{
	archiveVersion = 1;
	classes = {
	};
	objectVersion = 56;
	objects = {

/* Begin PBXBuildFile section */
		30EC70879D2EA775AE1F0ACF /* AppDelegate.m in Sources */ = {isa = PBXBuildFile; fileRef = C0A32745CFF0A3D5D5C13439 /* AppDelegate.m */; };
		0D425D63B8389572EE0F1CC7 /* main.m in Sources */ = {isa = PBXBuildFile; fileRef = 71532DC1A0D6E05DC50175B0 /* main.m */; };
		3FF4A8F288BFCCED95B510AD /* Renderer.m in Sources */ = {isa = PBXBuildFile; fileRef = DAB006D5176368BDE530BD2A /* Renderer.m */; };
		98F8013691B58EFF563D0F09 /* Shaders.metal in Sources */ = {isa = PBXBuildFile; fileRef = 83808A774E4B1A6617533F78 /* Shaders.metal */; };
		51AD1193577A7A763982A62E /* ViewController.m in Sources */ = {isa = PBXBuildFile; fileRef = B9E017034B5812AC8FD67C8F /* ViewController.m */; };
		54C926381E604DBE51CDD814 /* Info.plist in Resources */ = {isa = PBXBuildFile; fileRef = 3CDEF5F03AE2ABDC21B25DC4 /* Info.plist */; };
		0DFB52C2A999FF3119F7A008 /* UIKit.framework in Frameworks */ = {isa = PBXBuildFile; fileRef = FF72E17E9F104DDAE0CCD53F /* UIKit.framework */; };
		450839FCA68126A3B2EE1FED /* MetalKit.framework in Frameworks */ = {isa = PBXBuildFile; fileRef = 7FCB60487C372CD8B845F77B /* MetalKit.framework */; };
/* End PBXBuildFile section */

/* Begin PBXFileReference section */
		A97C29AD63741CF438998CE6 /* MetalStress.app */ = {isa = PBXFileReference; explicitFileType = wrapper.application; includeInIndex = 0; path = MetalStress.app; sourceTree = BUILT_PRODUCTS_DIR; };
		849BEEF94DE8C4FF257B5889 /* AppDelegate.h */ = {isa = PBXFileReference; lastKnownFileType = sourcecode.c.h; path = AppDelegate.h; sourceTree = "<group>"; };
		C0A32745CFF0A3D5D5C13439 /* AppDelegate.m */ = {isa = PBXFileReference; lastKnownFileType = sourcecode.c.objc; path = AppDelegate.m; sourceTree = "<group>"; };
		71532DC1A0D6E05DC50175B0 /* main.m */ = {isa = PBXFileReference; lastKnownFileType = sourcecode.c.objc; path = main.m; sourceTree = "<group>"; };
		EF9885BC69DC4FC74B52DE49 /* Renderer.h */ = {isa = PBXFileReference; lastKnownFileType = sourcecode.c.h; path = Renderer.h; sourceTree = "<group>"; };
		DAB006D5176368BDE530BD2A /* Renderer.m */ = {isa = PBXFileReference; lastKnownFileType = sourcecode.c.objc; path = Renderer.m; sourceTree = "<group>"; };
		83808A774E4B1A6617533F78 /* Shaders.metal */ = {isa = PBXFileReference; lastKnownFileType = sourcecode.metal; path = Shaders.metal; sourceTree = "<group>"; };
		E3304BF5F8A8B085573E67A1 /* ViewController.h */ = {isa = PBXFileReference; lastKnownFileType = sourcecode.c.h; path = ViewController.h; sourceTree = "<group>"; };
		B9E017034B5812AC8FD67C8F /* ViewController.m */ = {isa = PBXFileReference; lastKnownFileType = sourcecode.c.objc; path = ViewController.m; sourceTree = "<group>"; };
		3CDEF5F03AE2ABDC21B25DC4 /* Info.plist */ = {isa = PBXFileReference; lastKnownFileType = text.plist.xml; path = Info.plist; sourceTree = "<group>"; };
		FF72E17E9F104DDAE0CCD53F /* UIKit.framework */ = {isa = PBXFileReference; lastKnownFileType = wrapper.framework; name = UIKit.framework; path = System/Library/Frameworks/UIKit.framework; sourceTree = SDKROOT; };
		7FCB60487C372CD8B845F77B /* MetalKit.framework */ = {isa = PBXFileReference; lastKnownFileType = wrapper.framework; name = MetalKit.framework; path = System/Library/Frameworks/MetalKit.framework; sourceTree = SDKROOT; };
/* End PBXFileReference section */

/* Begin PBXFrameworksBuildPhase section */
		29B2D46AA747A59804D46E1F /* Frameworks */ = {
			isa = PBXFrameworksBuildPhase;
			buildActionMask = 2147483647;
			files = (
				0DFB52C2A999FF3119F7A008 /* UIKit.framework in Frameworks */,
				450839FCA68126A3B2EE1FED /* MetalKit.framework in Frameworks */,
			);
			runOnlyForDeploymentPostprocessing = 0;
		};
/* End PBXFrameworksBuildPhase section */

/* Begin PBXGroup section */
		5928955287B8089ED2177128 /* MainGroup */ = {
			isa = PBXGroup;
			children = (
				D685C104AFFBCF83C7CB0FB6 /* MetalStress */,
				BF7A2D27A78D590BDEF15AF2 /* Products */,
			);
			sourceTree = "<group>";
		};
		D685C104AFFBCF83C7CB0FB6 /* MetalStress */ = {
			isa = PBXGroup;
			children = (
				849BEEF94DE8C4FF257B5889 /* AppDelegate.h */,
				C0A32745CFF0A3D5D5C13439 /* AppDelegate.m */,
				71532DC1A0D6E05DC50175B0 /* main.m */,
				EF9885BC69DC4FC74B52DE49 /* Renderer.h */,
				DAB006D5176368BDE530BD2A /* Renderer.m */,
				83808A774E4B1A6617533F78 /* Shaders.metal */,
				E3304BF5F8A8B085573E67A1 /* ViewController.h */,
				B9E017034B5812AC8FD67C8F /* ViewController.m */,
				3CDEF5F03AE2ABDC21B25DC4 /* Info.plist */,
				FF72E17E9F104DDAE0CCD53F /* UIKit.framework */,
				7FCB60487C372CD8B845F77B /* MetalKit.framework */,
			);
			path = MetalStress;
			sourceTree = "<group>";
		};
		BF7A2D27A78D590BDEF15AF2 /* Products */ = {
			isa = PBXGroup;
			children = (
				A97C29AD63741CF438998CE6 /* MetalStress.app */,
			);
			name = Products;
			sourceTree = "<group>";
		};
/* End PBXGroup section */

/* Begin PBXNativeTarget section */
		6439CF22188FA14BBD363342 /* MetalStress */ = {
			isa = PBXNativeTarget;
			buildConfigurationList = FB735FB302FEC0AA5731EEAD /* Build configuration list for PBXNativeTarget "MetalStress" */;
			buildPhases = (
				E7209FB05162B7572F88D05E /* Sources */,
				29B2D46AA747A59804D46E1F /* Frameworks */,
				66F8606E9F0A136E2228EBCB /* Resources */,
			);
			buildRules = (
			);
			dependencies = (
			);
			name = MetalStress;
			productName = MetalStress;
			productReference = A97C29AD63741CF438998CE6 /* MetalStress.app */;
			productType = "com.apple.product-type.application";
		};
/* End PBXNativeTarget section */

/* Begin PBXProject section */
		46F86FAA6BBF9AC94A7E4595 /* Project object */ = {
			isa = PBXProject;
			attributes = {
				BuildIndependentTargetsInParallel = 1;
				LastUpgradeCheck = 1500;
				TargetAttributes = {
					6439CF22188FA14BBD363342 = {
						CreatedOnToolsVersion = 15.0;
					};
				};
			};
			buildConfigurationList = 22D119E3FD9EA4E1524CF005 /* Build configuration list for PBXProject "MetalStress" */;
			compatibilityVersion = "Xcode 14.0";
			developmentRegion = en;
			hasScannedForEncodings = 0;
			knownRegions = (
				en,
				Base,
			);
			mainGroup = 5928955287B8089ED2177128;
			productRefGroup = BF7A2D27A78D590BDEF15AF2 /* Products */;
			projectDirPath = "";
			projectRoot = "";
			targets = (
				6439CF22188FA14BBD363342 /* MetalStress */,
			);
		};
/* End PBXProject section */

/* Begin PBXResourcesBuildPhase section */
		66F8606E9F0A136E2228EBCB /* Resources */ = {
			isa = PBXResourcesBuildPhase;
			buildActionMask = 2147483647;
			files = (
			);
			runOnlyForDeploymentPostprocessing = 0;
		};
/* End PBXResourcesBuildPhase section */

/* Begin PBXSourcesBuildPhase section */
		E7209FB05162B7572F88D05E /* Sources */ = {
			isa = PBXSourcesBuildPhase;
			buildActionMask = 2147483647;
			files = (
				30EC70879D2EA775AE1F0ACF /* AppDelegate.m in Sources */,
				0D425D63B8389572EE0F1CC7 /* main.m in Sources */,
				3FF4A8F288BFCCED95B510AD /* Renderer.m in Sources */,
				98F8013691B58EFF563D0F09 /* Shaders.metal in Sources */,
				51AD1193577A7A763982A62E /* ViewController.m in Sources */,
			);
			runOnlyForDeploymentPostprocessing = 0;
		};
/* End PBXSourcesBuildPhase section */

/* Begin XCBuildConfiguration section */
		F74568265A956002014F5B29 /* Debug */ = {
			isa = XCBuildConfiguration;
			buildSettings = {
				ALWAYS_SEARCH_USER_PATHS = NO;
				CLANG_ANALYZER_NONNULL = YES;
				CLANG_ANALYZER_NUMBER_OBJECT_CONVERSION = YES_AGGRESSIVE;
				CLANG_CXX_LANGUAGE_STANDARD = "gnu++20";
				CLANG_ENABLE_MODULES = YES;
				CLANG_ENABLE_OBJC_ARC = YES;
				CLANG_ENABLE_OBJC_WEAK = YES;
				CLANG_WARN_BLOCK_CAPTURE_AUTORELEASING = YES;
				CLANG_WARN_BOOL_CONVERSION = YES;
				CLANG_WARN_COMMA = YES;
				CLANG_WARN_CONSTANT_CONVERSION = YES;
				CLANG_WARN_DEPRECATED_OBJC_IMPLEMENTATIONS = YES;
				CLANG_WARN_DIRECT_OBJC_ISA_USAGE = YES_ERROR;
				CLANG_WARN_DOCUMENTATION_COMMENTS = YES;
				CLANG_WARN_EMPTY_BODY = YES;
				CLANG_WARN_ENUM_CONVERSION = YES;
				CLANG_WARN_INFINITE_RECURSION = YES;
				CLANG_WARN_INT_CONVERSION = YES;
				CLANG_WARN_NON_LITERAL_NULL_CONVERSION = YES;
				CLANG_WARN_OBJC_IMPLICIT_RETAIN_SELF = YES;
				CLANG_WARN_OBJC_LITERAL_CONVERSION = YES;
				CLANG_WARN_OBJC_ROOT_CLASS = YES_ERROR;
				CLANG_WARN_QUOTED_INCLUDE_IN_FRAMEWORK_HEADER = YES;
				CLANG_WARN_RANGE_LOOP_ANALYSIS = YES;
				CLANG_WARN_STRICT_PROTOTYPES = YES;
				CLANG_WARN_SUSPICIOUS_MOVE = YES;
				CLANG_WARN_UNGUARDED_AVAILABILITY = YES_AGGRESSIVE;
				CLANG_WARN_UNREACHABLE_CODE = YES;
				CLANG_WARN__DUPLICATE_METHOD_MATCH = YES;
				COPY_PHASE_STRIP = NO;
				DEBUG_INFORMATION_FORMAT = dwarf;
				ENABLE_STRICT_OBJC_MSGSEND = YES;
				ENABLE_TESTABILITY = YES;
				GCC_C_LANGUAGE_STANDARD = gnu17;
				GCC_DYNAMIC_NO_PIC = NO;
				GCC_NO_COMMON_BLOCKS = YES;
				GCC_OPTIMIZATION_LEVEL = 0;
				GCC_PREPROCESSOR_DEFINITIONS = (
					"DEBUG=1",
					"$(inherited)",
				);
				GCC_WARN_64_TO_32_BIT_CONVERSION = YES;
				GCC_WARN_ABOUT_RETURN_TYPE = YES_ERROR;
				GCC_WARN_UNDECLARED_SELECTOR = YES;
				GCC_WARN_UNINITIALIZED_AUTOS = YES_AGGRESSIVE;
				GCC_WARN_UNUSED_FUNCTION = YES;
				GCC_WARN_UNUSED_VARIABLE = YES;
				IPHONEOS_DEPLOYMENT_TARGET = 12.0;
				MTL_ENABLE_DEBUG_INFO = INCLUDE_SOURCE;
				MTL_FAST_MATH = YES;
				ONLY_ACTIVE_ARCH = YES;
				SDKROOT = iphoneos;
			};
			name = Debug;
		};
		9542E6F72F38AA9C9455B34E /* Release */ = {
			isa = XCBuildConfiguration;
			buildSettings = {
				ALWAYS_SEARCH_USER_PATHS = NO;
				CLANG_ANALYZER_NONNULL = YES;
				CLANG_ANALYZER_NUMBER_OBJECT_CONVERSION = YES_AGGRESSIVE;
				CLANG_CXX_LANGUAGE_STANDARD = "gnu++20";
				CLANG_ENABLE_MODULES = YES;
				CLANG_ENABLE_OBJC_ARC = YES;
				CLANG_ENABLE_OBJC_WEAK = YES;
				CLANG_WARN_BLOCK_CAPTURE_AUTORELEASING = YES;
				CLANG_WARN_BOOL_CONVERSION = YES;
				CLANG_WARN_COMMA = YES;
				CLANG_WARN_CONSTANT_CONVERSION = YES;
				CLANG_WARN_DEPRECATED_OBJC_IMPLEMENTATIONS = YES;
				CLANG_WARN_DIRECT_OBJC_ISA_USAGE = YES_ERROR;
				CLANG_WARN_DOCUMENTATION_COMMENTS = YES;
				CLANG_WARN_EMPTY_BODY = YES;
				CLANG_WARN_ENUM_CONVERSION = YES;
				CLANG_WARN_INFINITE_RECURSION = YES;
				CLANG_WARN_INT_CONVERSION = YES;
				CLANG_WARN_NON_LITERAL_NULL_CONVERSION = YES;
				CLANG_WARN_OBJC_IMPLICIT_RETAIN_SELF = YES;
				CLANG_WARN_OBJC_LITERAL_CONVERSION = YES;
				CLANG_WARN_OBJC_ROOT_CLASS = YES_ERROR;
				CLANG_WARN_QUOTED_INCLUDE_IN_FRAMEWORK_HEADER = YES;
				CLANG_WARN_RANGE_LOOP_ANALYSIS = YES;
				CLANG_WARN_STRICT_PROTOTYPES = YES;
				CLANG_WARN_SUSPICIOUS_MOVE = YES;
				CLANG_WARN_UNGUARDED_AVAILABILITY = YES_AGGRESSIVE;
				CLANG_WARN_UNREACHABLE_CODE = YES;
				CLANG_WARN__DUPLICATE_METHOD_MATCH = YES;
				COPY_PHASE_STRIP = NO;
				DEBUG_INFORMATION_FORMAT = "dwarf-with-dsym";
				ENABLE_NS_ASSERTIONS = NO;
				ENABLE_STRICT_OBJC_MSGSEND = YES;
				GCC_C_LANGUAGE_STANDARD = gnu17;
				GCC_NO_COMMON_BLOCKS = YES;
				GCC_WARN_64_TO_32_BIT_CONVERSION = YES;
				GCC_WARN_ABOUT_RETURN_TYPE = YES_ERROR;
				GCC_WARN_UNDECLARED_SELECTOR = YES;
				GCC_WARN_UNINITIALIZED_AUTOS = YES_AGGRESSIVE;
				GCC_WARN_UNUSED_FUNCTION = YES;
				GCC_WARN_UNUSED_VARIABLE = YES;
				IPHONEOS_DEPLOYMENT_TARGET = 12.0;
				MTL_ENABLE_DEBUG_INFO = NO;
				MTL_FAST_MATH = YES;
				SDKROOT = iphoneos;
				VALIDATE_PRODUCT = YES;
			};
			name = Release;
		};
		243C3A8CCFC2CECB231FF168 /* Debug */ = {
			isa = XCBuildConfiguration;
			buildSettings = {
				ASSETCATALOG_COMPILER_APPICON_NAME = AppIcon;
				CODE_SIGN_IDENTITY = "iPhone Developer";
				CODE_SIGN_STYLE = Automatic;
				CURRENT_PROJECT_VERSION = 1;
				DEVELOPMENT_TEAM = "";
				INFOPLIST_FILE = MetalStress/Info.plist;
				IPHONEOS_DEPLOYMENT_TARGET = 12.0;
				LD_RUNPATH_SEARCH_PATHS = (
					"$(inherited)",
					"@executable_path/Frameworks",
				);
				MARKETING_VERSION = 1.0;
				PRODUCT_BUNDLE_IDENTIFIER = com.example.MetalStress;
				PRODUCT_NAME = "$(TARGET_NAME)";
				TARGETED_DEVICE_FAMILY = "1,2";
			};
			name = Debug;
		};
		D0067E9C8DC865C1DA15B8E0 /* Release */ = {
			isa = XCBuildConfiguration;
			buildSettings = {
				ASSETCATALOG_COMPILER_APPICON_NAME = AppIcon;
				CODE_SIGN_IDENTITY = "iPhone Developer";
				CODE_SIGN_STYLE = Automatic;
				CURRENT_PROJECT_VERSION = 1;
				DEVELOPMENT_TEAM = "";
				INFOPLIST_FILE = MetalStress/Info.plist;
				IPHONEOS_DEPLOYMENT_TARGET = 12.0;
				LD_RUNPATH_SEARCH_PATHS = (
					"$(inherited)",
					"@executable_path/Frameworks",
				);
				MARKETING_VERSION = 1.0;
				PRODUCT_BUNDLE_IDENTIFIER = com.example.MetalStress;
				PRODUCT_NAME = "$(TARGET_NAME)";
				TARGETED_DEVICE_FAMILY = "1,2";
			};
			name = Release;
		};
/* End XCBuildConfiguration section */

/* Begin XCConfigurationList section */
		22D119E3FD9EA4E1524CF005 /* Build configuration list for PBXProject "MetalStress" */ = {
			isa = XCConfigurationList;
			buildConfigurations = (
				F74568265A956002014F5B29 /* Debug */,
				9542E6F72F38AA9C9455B34E /* Release */,
			);
			defaultConfigurationIsVisible = 0;
			defaultConfigurationName = Release;
		};
		FB735FB302FEC0AA5731EEAD /* Build configuration list for PBXNativeTarget "MetalStress" */ = {
			isa = XCConfigurationList;
			buildConfigurations = (
				243C3A8CCFC2CECB231FF168 /* Debug */,
				D0067E9C8DC865C1DA15B8E0 /* Release */,
			);
			defaultConfigurationIsVisible = 0;
			defaultConfigurationName = Release;
		};
/* End XCConfigurationList section */

	};
	rootObject = 46F86FAA6BBF9AC94A7E4595 /* Project object */;
}
